
Microsoft Visual Studio Solution File, Format Version 12.00
# Visual Studio Version 16
VisualStudioVersion = 16.0.29102.190
MinimumVisualStudioVersion = 10.0.40219.1
Project("{FAE04EC0-301F-11D3-BF4B-00C04F79EFBC}") = "liballcaps", "liballcaps\liballcaps.csproj", "{5ACFB399-20C4-43AB-9098-790AFC56700C}"
EndProject
Project("{FAE04EC0-301F-11D3-BF4B-00C04F79EFBC}") = "AllCapsCmd", "AllCapsCmd\AllCapsCmd.csproj", "{044CB8CD-CF15-4214-9A90-B53095D44048}"
EndProject
Global
	GlobalSection(SolutionConfigurationPlatforms) = preSolution
		Debug|Any CPU = Debug|Any CPU
		Release|Any CPU = Release|Any CPU
	EndGlobalSection
	GlobalSection(ProjectConfigurationPlatforms) = postSolution
		{5ACFB399-20C4-43AB-9098-790AFC56700C}.Debug|Any CPU.ActiveCfg = Debug|Any CPU
		{5ACFB399-20C4-43AB-9098-790AFC56700C}.Debug|Any CPU.Build.0 = Debug|Any CPU
		{5ACFB399-20C4-43AB-9098-790AFC56700C}.Release|Any CPU.ActiveCfg = Release|Any CPU
		{5ACFB399-20C4-43AB-9098-790AFC56700C}.Release|Any CPU.Build.0 = Release|Any CPU
		{044CB8CD-CF15-4214-9A90-B53095D44048}.Debug|Any CPU.ActiveCfg = Debug|Any CPU
		{044CB8CD-CF15-4214-9A90-B53095D44048}.Debug|Any CPU.Build.0 = Debug|Any CPU
		{044CB8CD-CF15-4214-9A90-B53095D44048}.Release|Any CPU.ActiveCfg = Release|Any CPU
		{044CB8CD-CF15-4214-9A90-B53095D44048}.Release|Any CPU.Build.0 = Release|Any CPU
	EndGlobalSection
	GlobalSection(SolutionProperties) = preSolution
		HideSolutionNode = FALSE
	EndGlobalSection
	GlobalSection(ExtensibilityGlobals) = postSolution
		SolutionGuid = {D7A6ACBF-AA9B-4BFF-957D-EFB7364021CD}
	EndGlobalSection
EndGlobal
